
Microsoft Visual Studio Solution File, Format Version 12.00
# Visual Studio Version 17
VisualStudioVersion = 17.11.35327.3
MinimumVisualStudioVersion = 10.0.40219.1
Project("{FAE04EC0-301F-11D3-BF4B-00C04F79EFBC}") = "AOC2024", "AOC2024\AOC2024.csproj", "{F8D347F1-FFF1-472D-AF52-69E750527FFD}"
EndProject
Global
	GlobalSection(SolutionConfigurationPlatforms) = preSolution
		Debug|Any CPU = Debug|Any CPU
		Release|Any CPU = Release|Any CPU
	EndGlobalSection
	GlobalSection(ProjectConfigurationPlatforms) = postSolution
		{F8D347F1-FFF1-472D-AF52-69E750527FFD}.Debug|Any CPU.ActiveCfg = Debug|Any CPU
		{F8D347F1-FFF1-472D-AF52-69E750527FFD}.Debug|Any CPU.Build.0 = Debug|Any CPU
		{F8D347F1-FFF1-472D-AF52-69E750527FFD}.Release|Any CPU.ActiveCfg = Release|Any CPU
		{F8D347F1-FFF1-472D-AF52-69E750527FFD}.Release|Any CPU.Build.0 = Release|Any CPU
	EndGlobalSection
	GlobalSection(SolutionProperties) = preSolution
		HideSolutionNode = FALSE
	EndGlobalSection
	GlobalSection(ExtensibilityGlobals) = postSolution
		SolutionGuid = {376502C9-FD1B-4F13-A430-B5443409CED2}
	EndGlobalSection
EndGlobal
